
Microsoft Visual Studio Solution File, Format Version 12.00
# Visual Studio 15
VisualStudioVersion = 15.0.28307.572
MinimumVisualStudioVersion = 10.0.40219.1
Project("{888888A0-9F3D-457C-B088-3A5042F75D52}") = "ZairjaWeb", "ZairjaWeb\ZairjaWeb.pyproj", "{07D3527D-258C-4F58-8096-A62B39FF0C69}"
EndProject
Global
	GlobalSection(SolutionConfigurationPlatforms) = preSolution
		Debug|Any CPU = Debug|Any CPU
		Release|Any CPU = Release|Any CPU
	EndGlobalSection
	GlobalSection(ProjectConfigurationPlatforms) = postSolution
		{07D3527D-258C-4F58-8096-A62B39FF0C69}.Debug|Any CPU.ActiveCfg = Debug|Any CPU
		{07D3527D-258C-4F58-8096-A62B39FF0C69}.Debug|Any CPU.Build.0 = Debug|Any CPU
		{07D3527D-258C-4F58-8096-A62B39FF0C69}.Release|Any CPU.ActiveCfg = Release|Any CPU
		{07D3527D-258C-4F58-8096-A62B39FF0C69}.Release|Any CPU.Build.0 = Release|Any CPU
	EndGlobalSection
	GlobalSection(SolutionProperties) = preSolution
		HideSolutionNode = FALSE
	EndGlobalSection
	GlobalSection(ExtensibilityGlobals) = postSolution
		SolutionGuid = {363BA4C0-0CB9-4068-AFC1-61E37EBA9A33}
	EndGlobalSection
EndGlobal
